<?xml version="1.0" encoding="utf-8"?>
<Project ToolsVersion="4.0" xmlns="http://schemas.microsoft.com/developer/msbuild/2003">
  <ItemGroup>
    <Filter Include="Source Files">
      <UniqueIdentifier>{4FC737F1-C7A5-4376-A066-2A32D752A2FF}</UniqueIdentifier>
      <Extensions>cpp;c;cc;cxx;def;odl;idl;hpj;bat;asm;asmx</Extensions>
    </Filter>
    <Filter Include="Header Files">
      <UniqueIdentifier>{93995380-89BD-4b04-88EB-625FBE52EBFB}</UniqueIdentifier>
      <Extensions>h;hh;hpp;hxx;hm;inl;inc;xsd</Extensions>
    </Filter>
    <Filter Include="Resource Files">
      <UniqueIdentifier>{67DA6AB6-F800-4c08-8B7A-83BB121AAD01}</UniqueIdentifier>
      <Extensions>rc;ico;cur;bmp;dlg;rc2;rct;bin;rgs;gif;jpg;jpeg;jpe;resx;tiff;tif;png;wav;mfcribbon-ms</Extensions>
    </Filter>
  </ItemGroup>
  <ItemGroup>
    <ClCompile Include="RTR_src\Source.cpp">
      <Filter>Source Files</Filter>
    </ClCompile>
    <ClCompile Include="RTR_lib\audioManager\audioManager.cpp">
      <Filter>Source Files</Filter>
    </ClCompile>
    <ClCompile Include="RTR_lib\audioManager\soundSource.cpp">
      <Filter>Source Files</Filter>
    </ClCompile>
    <ClCompile Include="RTR_lib\cWaves\CWaves.cpp">
      <Filter>Source Files</Filter>
    </ClCompile>
    <ClCompile Include="RTR_lib\logger\logger.cpp">
      <Filter>Source Files</Filter>
    </ClCompile>
    <ClCompile Include="RTR_lib\logger\utils.cpp">
      <Filter>Source Files</Filter>
    </ClCompile>
    <ClCompile Include="RTR_lib\fontRenderer\fontRenderer.cpp">
      <Filter>Source Files</Filter>
    </ClCompile>
    <ClCompile Include="RTR_lib\speedometer\speedometer.cpp">
      <Filter>Source Files</Filter>
    </ClCompile>
  </ItemGroup>
  <ItemGroup>
    <ClInclude Include="RTR_include\camera.h">
      <Filter>Header Files</Filter>
    </ClInclude>
    <ClInclude Include="RTR_include\Common_Header.h">
      <Filter>Header Files</Filter>
    </ClInclude>
    <ClInclude Include="RTR_include\Obj_Loader.h">
      <Filter>Header Files</Filter>
    </ClInclude>
    <ClInclude Include="RTR_include\Scene1.h">
      <Filter>Header Files</Filter>
    </ClInclude>
    <ClInclude Include="RTR_lib\audioManager\audioManager.h">
      <Filter>Header Files</Filter>
    </ClInclude>
    <ClInclude Include="RTR_lib\audioManager\soundSource.h">
      <Filter>Header Files</Filter>
    </ClInclude>
    <ClInclude Include="RTR_lib\cWaves\CWaves.h">
      <Filter>Header Files</Filter>
    </ClInclude>
    <ClInclude Include="RTR_lib\logger\logger.h">
      <Filter>Header Files</Filter>
    </ClInclude>
    <ClInclude Include="RTR_lib\logger\utils.h">
      <Filter>Header Files</Filter>
    </ClInclude>
    <ClInclude Include="RTR_include\Arrange_Material.h">
      <Filter>Header Files</Filter>
    </ClInclude>
    <ClInclude Include="RTR_include\Obj_Loader1.h">
      <Filter>Header Files</Filter>
    </ClInclude>
    <ClInclude Include="RTR_include\Read_Mtl.h">
      <Filter>Header Files</Filter>
    </ClInclude>
    <ClInclude Include="RTR_include\stb_image.h">
      <Filter>Header Files</Filter>
    </ClInclude>
    <ClInclude Include="RTR_include\Scene1_Car.h">
      <Filter>Header Files</Filter>
    </ClInclude>
    <ClInclude Include="RTR_include\Camera_2.h">
      <Filter>Header Files</Filter>
    </ClInclude>
    <ClInclude Include="RTR_include\CommonHeaer_Secne2.h">
      <Filter>Header Files</Filter>
    </ClInclude>
    <ClInclude Include="RTR_lib\fontRenderer\fontRenderer.h">
      <Filter>Header Files</Filter>
    </ClInclude>
    <ClInclude Include="RTR_include\Scene3.h">
      <Filter>Header Files</Filter>
    </ClInclude>
    <ClInclude Include="RTR_include\ktx_loading_header.h">
      <Filter>Header Files</Filter>
    </ClInclude>
    <ClInclude Include="RTR_resources\resource.h">
      <Filter>Header Files</Filter>
    </ClInclude>
    <ClInclude Include="RTR_lib\speedometer\speedometer.h">
      <Filter>Header Files</Filter>
    </ClInclude>
  </ItemGroup>
  <ItemGroup>
    <ResourceCompile Include="RTR_resources\resource.rc">
      <Filter>Resource Files</Filter>
    </ResourceCompile>
  </ItemGroup>
  <ItemGroup>
    <Image Include="RTR_resources\texture\fire.bmp">
      <Filter>Resource Files</Filter>
    </Image>
  </ItemGroup>
</Project>